
Microsoft Visual Studio Solution File, Format Version 11.00
# Visual Studio 2010
# SharpDevelop 5.1
Project("{FAE04EC0-301F-11D3-BF4B-00C04F79EFBC}") = "Kefir_BattleCity", "Kefir_BattleCity.csproj", "{02A614AB-2E2D-4826-8AEF-A963BCE79266}"
EndProject
Global
	GlobalSection(SolutionConfigurationPlatforms) = preSolution
		Debug|Any CPU = Debug|Any CPU
		Release|Any CPU = Release|Any CPU
	EndGlobalSection
	GlobalSection(ProjectConfigurationPlatforms) = postSolution
		{02A614AB-2E2D-4826-8AEF-A963BCE79266}.Debug|Any CPU.ActiveCfg = Debug|Any CPU
		{02A614AB-2E2D-4826-8AEF-A963BCE79266}.Debug|Any CPU.Build.0 = Debug|Any CPU
		{02A614AB-2E2D-4826-8AEF-A963BCE79266}.Release|Any CPU.ActiveCfg = Release|Any CPU
		{02A614AB-2E2D-4826-8AEF-A963BCE79266}.Release|Any CPU.Build.0 = Release|Any CPU
	EndGlobalSection
EndGlobal
